
Microsoft Visual Studio Solution File, Format Version 12.00
# Visual Studio 15
VisualStudioVersion = 15.0.28010.2046
MinimumVisualStudioVersion = 10.0.40219.1
Project("{FAE04EC0-301F-11D3-BF4B-00C04F79EFBC}") = "Assembly-CSharp", "Assembly-CSharp.csproj", "{208A752A-F146-106A-1713-0BA0FE10CB14}"
EndProject
Global
	GlobalSection(SolutionConfigurationPlatforms) = preSolution
		Debug|Any CPU = Debug|Any CPU
		Release|Any CPU = Release|Any CPU
	EndGlobalSection
	GlobalSection(ProjectConfigurationPlatforms) = postSolution
		{208A752A-F146-106A-1713-0BA0FE10CB14}.Debug|Any CPU.ActiveCfg = Debug|Any CPU
		{208A752A-F146-106A-1713-0BA0FE10CB14}.Debug|Any CPU.Build.0 = Debug|Any CPU
		{208A752A-F146-106A-1713-0BA0FE10CB14}.Release|Any CPU.ActiveCfg = Release|Any CPU
		{208A752A-F146-106A-1713-0BA0FE10CB14}.Release|Any CPU.Build.0 = Release|Any CPU
	EndGlobalSection
	GlobalSection(SolutionProperties) = preSolution
		HideSolutionNode = FALSE
	EndGlobalSection
	GlobalSection(ExtensibilityGlobals) = postSolution
		SolutionGuid = {7C085786-81AA-43BE-9560-050202109F45}
	EndGlobalSection
EndGlobal
